github.com/devcows/hugo-universal-theme v0.0.0-20220307175206-5e3643aa04bb h1:EyT4RwyLphMCVHM2L/DDRaVA29nEgxki5oog2A93WUI=
github.com/devcows/hugo-universal-theme v0.0.0-20220307175206-5e3643aa04bb/go.mod h1:MqYH15Evmut/wgYkFi7ArsX+k44HfRrH675FbVLBkq0=
github.com/lxndrblz/anatole v1.8.0 h1:+Op4L+dHxJvBlfpwiqNXgxm/0jb27wOeddLmvqXrRtw=
github.com/lxndrblz/anatole v1.8.0/go.mod h1:hy61SRyUDKaWw2P+cERt9UPde5guWyVKgtjdzRF5bfI=
github.com/theNewDynamic/gohugo-theme-ananke v0.0.0-20220228160000-0e73c5b18cf6 h1:Cc19VQIgCtVidhDQZVi/kc4GuBn1xQ+9nXPuGuOr2eQ=
github.com/theNewDynamic/gohugo-theme-ananke v0.0.0-20220228160000-0e73c5b18cf6/go.mod h1:yY14BLqqh5G61rO81YcJKMHY1rClY5iIiUK+K2JKSUM=
